# This file is autogenerated, do not edit; changes may be undone by the next 'dep ensure'.


[[projects]]
  digest = "1:095d35650c3d8436073f2ef10e666771f044f574ba24f5840e057ae2cec2556a"
  name = "github.com/imroc/req"
  packages = ["."]
  pruneopts = "UT"
  revision = "1c31a6577f8dc9552e6032f94f5d0ed2f0b7d1f3"
  version = "v0.2.4"

[[projects]]
  digest = "1:b24d38b282bacf9791408a080f606370efa3d364e4b5fd9ba0f7b87786d3b679"
  name = "github.com/urfave/cli"
  packages = ["."]
  pruneopts = "UT"
  revision = "cfb38830724cc34fedffe9a2a29fb54fa9169cd1"
  version = "v1.20.0"

[solve-meta]
  analyzer-name = "dep"
  analyzer-version = 1
  input-imports = [
    "github.com/imroc/req",
    "github.com/urfave/cli",
  ]
  solver-name = "gps-cdcl"
  solver-version = 1
